
Microsoft Visual Studio Solution File, Format Version 12.00
# Visual Studio Version 17
VisualStudioVersion = 17.0.31903.59
MinimumVisualStudioVersion = 10.0.40219.1
Project("{2150E333-8FDC-42A3-9474-1A3956D46DE8}") = "presentation", "presentation", "{06CFFD70-14AA-A959-A3BA-1B15D094E3B1}"
EndProject
Project("{FAE04EC0-301F-11D3-BF4B-00C04F79EFBC}") = "CozyLoops.API", "presentation\CozyLoops.API\CozyLoops.API.csproj", "{FB048194-8221-4C65-87A9-642788F169A2}"
EndProject
Project("{2150E333-8FDC-42A3-9474-1A3956D46DE8}") = "src", "src", "{827E0CD3-B72D-47B6-A68D-7590B98EB39B}"
EndProject
Project("{2150E333-8FDC-42A3-9474-1A3956D46DE8}") = "core", "core", "{8D626EA8-CB54-BC41-363A-217881BEBA6E}"
EndProject
Project("{FAE04EC0-301F-11D3-BF4B-00C04F79EFBC}") = "CozyLoops.Domain", "src\core\CozyLoops.Domain\CozyLoops.Domain.csproj", "{3DA52A65-289D-4CE6-9599-219B89ADE61A}"
EndProject
Project("{FAE04EC0-301F-11D3-BF4B-00C04F79EFBC}") = "CozyLoops.Application", "src\core\CozyLoops.Application\CozyLoops.Application.csproj", "{3F01C0F2-916B-4650-B1B8-C1E80B5A2289}"
EndProject
Project("{2150E333-8FDC-42A3-9474-1A3956D46DE8}") = "infrastructure", "infrastructure", "{9048EB7F-3875-A59E-E36B-5BD4C6F2A282}"
EndProject
Project("{FAE04EC0-301F-11D3-BF4B-00C04F79EFBC}") = "CozyLoops.Persistence", "src\infrastructure\CozyLoops.Persistence\CozyLoops.Persistence.csproj", "{CCDC9A75-8E36-4349-A2EC-21103640DF2D}"
EndProject
Global
	GlobalSection(SolutionConfigurationPlatforms) = preSolution
		Debug|Any CPU = Debug|Any CPU
		Debug|x64 = Debug|x64
		Debug|x86 = Debug|x86
		Release|Any CPU = Release|Any CPU
		Release|x64 = Release|x64
		Release|x86 = Release|x86
	EndGlobalSection
	GlobalSection(ProjectConfigurationPlatforms) = postSolution
		{FB048194-8221-4C65-87A9-642788F169A2}.Debug|Any CPU.ActiveCfg = Debug|Any CPU
		{FB048194-8221-4C65-87A9-642788F169A2}.Debug|Any CPU.Build.0 = Debug|Any CPU
		{FB048194-8221-4C65-87A9-642788F169A2}.Debug|x64.ActiveCfg = Debug|Any CPU
		{FB048194-8221-4C65-87A9-642788F169A2}.Debug|x64.Build.0 = Debug|Any CPU
		{FB048194-8221-4C65-87A9-642788F169A2}.Debug|x86.ActiveCfg = Debug|Any CPU
		{FB048194-8221-4C65-87A9-642788F169A2}.Debug|x86.Build.0 = Debug|Any CPU
		{FB048194-8221-4C65-87A9-642788F169A2}.Release|Any CPU.ActiveCfg = Release|Any CPU
		{FB048194-8221-4C65-87A9-642788F169A2}.Release|Any CPU.Build.0 = Release|Any CPU
		{FB048194-8221-4C65-87A9-642788F169A2}.Release|x64.ActiveCfg = Release|Any CPU
		{FB048194-8221-4C65-87A9-642788F169A2}.Release|x64.Build.0 = Release|Any CPU
		{FB048194-8221-4C65-87A9-642788F169A2}.Release|x86.ActiveCfg = Release|Any CPU
		{FB048194-8221-4C65-87A9-642788F169A2}.Release|x86.Build.0 = Release|Any CPU
		{3DA52A65-289D-4CE6-9599-219B89ADE61A}.Debug|Any CPU.ActiveCfg = Debug|Any CPU
		{3DA52A65-289D-4CE6-9599-219B89ADE61A}.Debug|Any CPU.Build.0 = Debug|Any CPU
		{3DA52A65-289D-4CE6-9599-219B89ADE61A}.Debug|x64.ActiveCfg = Debug|Any CPU
		{3DA52A65-289D-4CE6-9599-219B89ADE61A}.Debug|x64.Build.0 = Debug|Any CPU
		{3DA52A65-289D-4CE6-9599-219B89ADE61A}.Debug|x86.ActiveCfg = Debug|Any CPU
		{3DA52A65-289D-4CE6-9599-219B89ADE61A}.Debug|x86.Build.0 = Debug|Any CPU
		{3DA52A65-289D-4CE6-9599-219B89ADE61A}.Release|Any CPU.ActiveCfg = Release|Any CPU
		{3DA52A65-289D-4CE6-9599-219B89ADE61A}.Release|Any CPU.Build.0 = Release|Any CPU
		{3DA52A65-289D-4CE6-9599-219B89ADE61A}.Release|x64.ActiveCfg = Release|Any CPU
		{3DA52A65-289D-4CE6-9599-219B89ADE61A}.Release|x64.Build.0 = Release|Any CPU
		{3DA52A65-289D-4CE6-9599-219B89ADE61A}.Release|x86.ActiveCfg = Release|Any CPU
		{3DA52A65-289D-4CE6-9599-219B89ADE61A}.Release|x86.Build.0 = Release|Any CPU
		{3F01C0F2-916B-4650-B1B8-C1E80B5A2289}.Debug|Any CPU.ActiveCfg = Debug|Any CPU
		{3F01C0F2-916B-4650-B1B8-C1E80B5A2289}.Debug|Any CPU.Build.0 = Debug|Any CPU
		{3F01C0F2-916B-4650-B1B8-C1E80B5A2289}.Debug|x64.ActiveCfg = Debug|Any CPU
		{3F01C0F2-916B-4650-B1B8-C1E80B5A2289}.Debug|x64.Build.0 = Debug|Any CPU
		{3F01C0F2-916B-4650-B1B8-C1E80B5A2289}.Debug|x86.ActiveCfg = Debug|Any CPU
		{3F01C0F2-916B-4650-B1B8-C1E80B5A2289}.Debug|x86.Build.0 = Debug|Any CPU
		{3F01C0F2-916B-4650-B1B8-C1E80B5A2289}.Release|Any CPU.ActiveCfg = Release|Any CPU
		{3F01C0F2-916B-4650-B1B8-C1E80B5A2289}.Release|Any CPU.Build.0 = Release|Any CPU
		{3F01C0F2-916B-4650-B1B8-C1E80B5A2289}.Release|x64.ActiveCfg = Release|Any CPU
		{3F01C0F2-916B-4650-B1B8-C1E80B5A2289}.Release|x64.Build.0 = Release|Any CPU
		{3F01C0F2-916B-4650-B1B8-C1E80B5A2289}.Release|x86.ActiveCfg = Release|Any CPU
		{3F01C0F2-916B-4650-B1B8-C1E80B5A2289}.Release|x86.Build.0 = Release|Any CPU
		{CCDC9A75-8E36-4349-A2EC-21103640DF2D}.Debug|Any CPU.ActiveCfg = Debug|Any CPU
		{CCDC9A75-8E36-4349-A2EC-21103640DF2D}.Debug|Any CPU.Build.0 = Debug|Any CPU
		{CCDC9A75-8E36-4349-A2EC-21103640DF2D}.Debug|x64.ActiveCfg = Debug|Any CPU
		{CCDC9A75-8E36-4349-A2EC-21103640DF2D}.Debug|x64.Build.0 = Debug|Any CPU
		{CCDC9A75-8E36-4349-A2EC-21103640DF2D}.Debug|x86.ActiveCfg = Debug|Any CPU
		{CCDC9A75-8E36-4349-A2EC-21103640DF2D}.Debug|x86.Build.0 = Debug|Any CPU
		{CCDC9A75-8E36-4349-A2EC-21103640DF2D}.Release|Any CPU.ActiveCfg = Release|Any CPU
		{CCDC9A75-8E36-4349-A2EC-21103640DF2D}.Release|Any CPU.Build.0 = Release|Any CPU
		{CCDC9A75-8E36-4349-A2EC-21103640DF2D}.Release|x64.ActiveCfg = Release|Any CPU
		{CCDC9A75-8E36-4349-A2EC-21103640DF2D}.Release|x64.Build.0 = Release|Any CPU
		{CCDC9A75-8E36-4349-A2EC-21103640DF2D}.Release|x86.ActiveCfg = Release|Any CPU
		{CCDC9A75-8E36-4349-A2EC-21103640DF2D}.Release|x86.Build.0 = Release|Any CPU
	EndGlobalSection
	GlobalSection(SolutionProperties) = preSolution
		HideSolutionNode = FALSE
	EndGlobalSection
	GlobalSection(NestedProjects) = preSolution
		{FB048194-8221-4C65-87A9-642788F169A2} = {06CFFD70-14AA-A959-A3BA-1B15D094E3B1}
		{8D626EA8-CB54-BC41-363A-217881BEBA6E} = {827E0CD3-B72D-47B6-A68D-7590B98EB39B}
		{3DA52A65-289D-4CE6-9599-219B89ADE61A} = {8D626EA8-CB54-BC41-363A-217881BEBA6E}
		{3F01C0F2-916B-4650-B1B8-C1E80B5A2289} = {8D626EA8-CB54-BC41-363A-217881BEBA6E}
		{9048EB7F-3875-A59E-E36B-5BD4C6F2A282} = {827E0CD3-B72D-47B6-A68D-7590B98EB39B}
		{CCDC9A75-8E36-4349-A2EC-21103640DF2D} = {9048EB7F-3875-A59E-E36B-5BD4C6F2A282}
	EndGlobalSection
EndGlobal
